
Microsoft Visual Studio Solution File, Format Version 11.00
# Visual Studio 2010
Project("{FAE04EC0-301F-11D3-BF4B-00C04F79EFBC}") = "Planet Destroyers", "Assembly-CSharp.csproj", "{A22B544E-F7AF-AAE9-7674-3AB0C0254AEA}"
EndProject
Global
	GlobalSection(SolutionConfigurationPlatforms) = preSolution
		Debug|Any CPU = Debug|Any CPU
		Release|Any CPU = Release|Any CPU
	EndGlobalSection
	GlobalSection(ProjectConfigurationPlatforms) = postSolution
		{A22B544E-F7AF-AAE9-7674-3AB0C0254AEA}.Debug|Any CPU.ActiveCfg = Debug|Any CPU
		{A22B544E-F7AF-AAE9-7674-3AB0C0254AEA}.Debug|Any CPU.Build.0 = Debug|Any CPU
		{A22B544E-F7AF-AAE9-7674-3AB0C0254AEA}.Release|Any CPU.ActiveCfg = Release|Any CPU
		{A22B544E-F7AF-AAE9-7674-3AB0C0254AEA}.Release|Any CPU.Build.0 = Release|Any CPU
	EndGlobalSection
	GlobalSection(SolutionProperties) = preSolution
		HideSolutionNode = FALSE
	EndGlobalSection
	GlobalSection(MonoDevelopProperties) = preSolution
		StartupItem = Assembly-CSharp.csproj
	EndGlobalSection
EndGlobal
